DEPENDENCIES
  charon
    path: .
    metadata: true
  hadoop
    git: git://github.com/hopshadoop/apache-hadoop-chef.git
    revision: 2c4ea4a47c04b6d68ca7016d5a29407fa4315cb9
    branch: master
  java
  kagent
    git: git://github.com/karamelchef/kagent-chef.git
    revision: dc050e72862c0d51f623f923c2ba20fb0fbb4bb9

GRAPH
  7-zip (1.0.2)
    windows (>= 1.2.2)
  apt (2.9.2)
  ark (0.9.0)
    7-zip (>= 0.0.0)
    windows (>= 0.0.0)
  build-essential (2.2.4)
  charon (0.1.0)
    hadoop (>= 0.0.0)
    java (>= 0.0.0)
    kagent (>= 0.0.0)
  chef-sugar (3.1.1)
  chef_handler (1.2.0)
  compat_resource (12.5.14)
  hadoop (1.0.0)
    apt (>= 0.0.0)
    ark (>= 0.0.0)
    java (>= 0.0.0)
    kagent (>= 0.0.0)
    sysctl (>= 0.0.0)
    ulimit (>= 0.0.0)
    yum (>= 0.0.0)
  hostsfile (2.4.5)
  iptables (2.0.1)
    compat_resource (>= 0.0.0)
  java (1.36.0)
    apt (>= 0.0.0)
  kagent (0.1.0)
    hostsfile (>= 0.0.0)
    openssh (>= 0.0.0)
    openssl (>= 0.0.0)
    python (>= 0.0.0)
    sudo (>= 0.0.0)
  ohai (2.0.4)
  openssh (1.5.2)
    iptables (>= 0.0.0)
  openssl (4.4.0)
    chef-sugar (>= 3.1.1)
  python (1.4.6)
    build-essential (>= 0.0.0)
    yum-epel (>= 0.0.0)
  sudo (2.7.2)
  sysctl (0.6.2)
    ohai (>= 0.0.0)
  ulimit (0.3.3)
  windows (1.38.4)
    chef_handler (>= 0.0.0)
  yum (3.8.2)
  yum-epel (0.6.5)
    yum (~> 3.2)
